<?xml version="1.0" encoding="utf-8"?>
<Project ToolsVersion="4.0" xmlns="http://schemas.microsoft.com/developer/msbuild/2003">
  <ItemGroup>
    <Filter Include="Source Files">
      <UniqueIdentifier>{4FC737F1-C7A5-4376-A066-2A32D752A2FF}</UniqueIdentifier>
      <Extensions>cpp;c;cc;cxx;c++;cppm;ixx;def;odl;idl;hpj;bat;asm;asmx</Extensions>
    </Filter>
    <Filter Include="Header Files">
      <UniqueIdentifier>{93995380-89BD-4b04-88EB-625FBE52EBFB}</UniqueIdentifier>
      <Extensions>h;hh;hpp;hxx;h++;hm;inl;inc;ipp;xsd</Extensions>
    </Filter>
    <Filter Include="Resource Files">
      <UniqueIdentifier>{67DA6AB6-F800-4c08-8B7A-83BB121AAD01}</UniqueIdentifier>
      <Extensions>rc;ico;cur;bmp;dlg;rc2;rct;bin;rgs;gif;jpg;jpeg;jpe;resx;tiff;tif;png;wav;mfcribbon-ms</Extensions>
    </Filter>
  </ItemGroup>
  <ItemGroup>
    <ClCompile Include="Main.cpp">
      <Filter>Source Files</Filter>
    </ClCompile>
    <ClCompile Include="main_game\game.cpp">
      <Filter>Source Files</Filter>
    </ClCompile>
    <ClCompile Include="main_game\game_menager\game_scene1_menager.cpp">
      <Filter>Source Files</Filter>
    </ClCompile>
    <ClCompile Include="main_game\layers\back_ground\scene1_end_of_the_world_background.cpp">
      <Filter>Source Files</Filter>
    </ClCompile>
    <ClCompile Include="main_game\game_menager\window_scale.cpp">
      <Filter>Source Files</Filter>
    </ClCompile>
    <ClCompile Include="main_game\layers\back_ground\moving_background.cpp">
      <Filter>Source Files</Filter>
    </ClCompile>
    <ClCompile Include="main_game\mechanics\moving_main_character.cpp">
      <Filter>Source Files</Filter>
    </ClCompile>
    <ClCompile Include="main_game\game_menager\TimeManager1.cpp">
      <Filter>Source Files</Filter>
    </ClCompile>
    <ClCompile Include="main_game\game_menager\TimeManager1.h">
      <Filter>Source Files</Filter>
    </ClCompile>
    <ClCompile Include="main_game\entietes\main_character_artem.cpp">
      <Filter>Source Files</Filter>
    </ClCompile>
    <ClCompile Include="main_game\entietes\weapons\granade.cpp">
      <Filter>Source Files</Filter>
    </ClCompile>
    <ClCompile Include="main_game\interaction.cpp">
      <Filter>Source Files</Filter>
    </ClCompile>
    <ClCompile Include="main_game\entietes\piotr_adriejewicz.cpp">
      <Filter>Source Files</Filter>
    </ClCompile>
    <ClCompile Include="main_game\scenes\scene_end_of_the_world\main_character_scene.cpp">
      <Filter>Source Files</Filter>
    </ClCompile>
    <ClCompile Include="main_game\scenes\scene_end_of_the_world\piotr_adriejewicz_scene.cpp">
      <Filter>Source Files</Filter>
    </ClCompile>
    <ClCompile Include="main_game\scenes\scene.cpp">
      <Filter>Source Files</Filter>
    </ClCompile>
    <ClCompile Include="main_game\scenes\read.cpp">
      <Filter>Source Files</Filter>
    </ClCompile>
    <ClCompile Include="main_game\scenes\writings.cpp">
      <Filter>Source Files</Filter>
    </ClCompile>
    <ClCompile Include="main_game\metro_station\weapons\AntiAircraftGun.cpp">
      <Filter>Source Files</Filter>
    </ClCompile>
    <ClCompile Include="main_game\metro_station\wogn.cpp">
      <Filter>Source Files</Filter>
    </ClCompile>
    <ClCompile Include="main_game\metro_station\defence\bagWithSand.cpp">
      <Filter>Source Files</Filter>
    </ClCompile>
    <ClCompile Include="main_game\metro_station\defence\tent.cpp">
      <Filter>Source Files</Filter>
    </ClCompile>
    <ClCompile Include="main_game\metro_station\defence\metro_train.cpp">
      <Filter>Source Files</Filter>
    </ClCompile>
  </ItemGroup>
  <ItemGroup>
    <Image Include="map.png">
      <Filter>Resource Files</Filter>
    </Image>
  </ItemGroup>
  <ItemGroup>
    <ClInclude Include="main_game\game.h">
      <Filter>Header Files</Filter>
    </ClInclude>
    <ClInclude Include="main_game\game_menager\game_scene1_menager.h">
      <Filter>Header Files</Filter>
    </ClInclude>
    <ClInclude Include="main_game\layers\back_ground\scene1_end_of_the_world_background.h">
      <Filter>Header Files</Filter>
    </ClInclude>
    <ClInclude Include="main_game\game_menager\window_scale.h">
      <Filter>Header Files</Filter>
    </ClInclude>
    <ClInclude Include="main_game\layers\back_ground\moving_background.h">
      <Filter>Header Files</Filter>
    </ClInclude>
    <ClInclude Include="main_game\mechanics\moving_main_character.h">
      <Filter>Header Files</Filter>
    </ClInclude>
    <ClInclude Include="main_game\entietes\main_character_artem.h">
      <Filter>Header Files</Filter>
    </ClInclude>
    <ClInclude Include="main_game\entietes\weapons\granade.h">
      <Filter>Header Files</Filter>
    </ClInclude>
    <ClInclude Include="main_game\entietes\piotr_adriejewicz.h">
      <Filter>Header Files</Filter>
    </ClInclude>
    <ClInclude Include="main_game\interaction.h">
      <Filter>Header Files</Filter>
    </ClInclude>
    <ClInclude Include="main_game\scenes\scene_end_of_the_world\main_character_scene.h">
      <Filter>Header Files</Filter>
    </ClInclude>
    <ClInclude Include="main_game\scenes\scene_end_of_the_world\piotr_adriejewicz_scene.h">
      <Filter>Header Files</Filter>
    </ClInclude>
    <ClInclude Include="main_game\scenes\scene.h">
      <Filter>Header Files</Filter>
    </ClInclude>
    <ClInclude Include="main_game\scenes\read.h">
      <Filter>Header Files</Filter>
    </ClInclude>
    <ClInclude Include="main_game\scenes\writings.h">
      <Filter>Header Files</Filter>
    </ClInclude>
    <ClInclude Include="main_game\metro_station\weapons\AntiAircraftGun.h">
      <Filter>Header Files</Filter>
    </ClInclude>
    <ClInclude Include="main_game\metro_station\wogn.h">
      <Filter>Header Files</Filter>
    </ClInclude>
    <ClInclude Include="main_game\metro_station\defence\bagWithSand.h">
      <Filter>Header Files</Filter>
    </ClInclude>
    <ClInclude Include="main_game\metro_station\defence\tent.h">
      <Filter>Header Files</Filter>
    </ClInclude>
    <ClInclude Include="main_game\metro_station\defence\metro_train.h">
      <Filter>Header Files</Filter>
    </ClInclude>
    <ClInclude Include="main_game\global_pos.h">
      <Filter>Header Files</Filter>
    </ClInclude>
  </ItemGroup>
</Project>